
Microsoft Visual Studio Solution File, Format Version 12.00
# Visual Studio Version 17
VisualStudioVersion = 17.0.31919.166
MinimumVisualStudioVersion = 10.0.40219.1
Project("{9A19103F-16F7-4668-BE54-9A1E7A4F7556}") = "Dashline.Api", "Dashline.Api\Dashline.Api.csproj", "{304C2C9F-D993-41DD-9D41-7C8AECDDF8F4}"
EndProject
Project("{FAE04EC0-301F-11D3-BF4B-00C04F79EFBC}") = "Dashline.Core", "Dashline.Core\Dashline.Core.csproj", "{5A0BED78-E4E3-40DD-B678-7D0A67DEB446}"
EndProject
Global
	GlobalSection(SolutionConfigurationPlatforms) = preSolution
		Debug|Any CPU = Debug|Any CPU
		Release|Any CPU = Release|Any CPU
	EndGlobalSection
	GlobalSection(ProjectConfigurationPlatforms) = postSolution
		{304C2C9F-D993-41DD-9D41-7C8AECDDF8F4}.Debug|Any CPU.ActiveCfg = Debug|Any CPU
		{304C2C9F-D993-41DD-9D41-7C8AECDDF8F4}.Debug|Any CPU.Build.0 = Debug|Any CPU
		{304C2C9F-D993-41DD-9D41-7C8AECDDF8F4}.Release|Any CPU.ActiveCfg = Release|Any CPU
		{304C2C9F-D993-41DD-9D41-7C8AECDDF8F4}.Release|Any CPU.Build.0 = Release|Any CPU
		{5A0BED78-E4E3-40DD-B678-7D0A67DEB446}.Debug|Any CPU.ActiveCfg = Debug|Any CPU
		{5A0BED78-E4E3-40DD-B678-7D0A67DEB446}.Debug|Any CPU.Build.0 = Debug|Any CPU
		{5A0BED78-E4E3-40DD-B678-7D0A67DEB446}.Release|Any CPU.ActiveCfg = Release|Any CPU
		{5A0BED78-E4E3-40DD-B678-7D0A67DEB446}.Release|Any CPU.Build.0 = Release|Any CPU
	EndGlobalSection
	GlobalSection(SolutionProperties) = preSolution
		HideSolutionNode = FALSE
	EndGlobalSection
	GlobalSection(ExtensibilityGlobals) = postSolution
		SolutionGuid = {711DEF24-74A7-48BD-8713-524E54BF354B}
	EndGlobalSection
EndGlobal
